// !$*UTF8*$!
{
	archiveVersion = 1;
	classes = {
	};
	objectVersion = 56;
	objects = {

/* Begin PBXBuildFile section */
		236CA2532E5C48080067335A /* AppDelegate.m in Sources */ = {isa = PBXBuildFile; fileRef = 236CA2522E5C48080067335A /* AppDelegate.m */; };
		236CA2562E5C48080067335A /* SceneDelegate.m in Sources */ = {isa = PBXBuildFile; fileRef = 236CA2552E5C48080067335A /* SceneDelegate.m */; };
		236CA2592E5C48080067335A /* ViewController.m in Sources */ = {isa = PBXBuildFile; fileRef = 236CA2582E5C48080067335A /* ViewController.m */; };
		236CA25C2E5C48080067335A /* Main.storyboard in Resources */ = {isa = PBXBuildFile; fileRef = 236CA25A2E5C48080067335A /* Main.storyboard */; };
		236CA25E2E5C480E0067335A /* Assets.xcassets in Resources */ = {isa = PBXBuildFile; fileRef = 236CA25D2E5C480E0067335A /* Assets.xcassets */; };
		236CA2612E5C480E0067335A /* LaunchScreen.storyboard in Resources */ = {isa = PBXBuildFile; fileRef = 236CA25F2E5C480E0067335A /* LaunchScreen.storyboard */; };
		236CA2642E5C480E0067335A /* main.m in Sources */ = {isa = PBXBuildFile; fileRef = 236CA2632E5C480E0067335A /* main.m */; };
		236CA26C2E5C48720067335A /* ToDoViewControllerTableViewController.m in Sources */ = {isa = PBXBuildFile; fileRef = 236CA26B2E5C48720067335A /* ToDoViewControllerTableViewController.m */; };
		236CA26F2E5C499E0067335A /* InProgressViewController.m in Sources */ = {isa = PBXBuildFile; fileRef = 236CA26E2E5C499E0067335A /* InProgressViewController.m */; };
		236CA2722E5C49C40067335A /* DoneViewController.m in Sources */ = {isa = PBXBuildFile; fileRef = 236CA2712E5C49C40067335A /* DoneViewController.m */; };
		236CA2752E5C53530067335A /* AddViewController.m in Sources */ = {isa = PBXBuildFile; fileRef = 236CA2742E5C53530067335A /* AddViewController.m */; };
		236CA2782E5C58EA0067335A /* Task.m in Sources */ = {isa = PBXBuildFile; fileRef = 236CA2772E5C58EA0067335A /* Task.m */; };
/* End PBXBuildFile section */

/* Begin PBXFileReference section */
		236CA24E2E5C48080067335A /* ToDoList.app */ = {isa = PBXFileReference; explicitFileType = wrapper.application; includeInIndex = 0; path = ToDoList.app; sourceTree = BUILT_PRODUCTS_DIR; };
		236CA2512E5C48080067335A /* AppDelegate.h */ = {isa = PBXFileReference; lastKnownFileType = sourcecode.c.h; path = AppDelegate.h; sourceTree = "<group>"; };
		236CA2522E5C48080067335A /* AppDelegate.m */ = {isa = PBXFileReference; lastKnownFileType = sourcecode.c.objc; path = AppDelegate.m; sourceTree = "<group>"; };
		236CA2542E5C48080067335A /* SceneDelegate.h */ = {isa = PBXFileReference; lastKnownFileType = sourcecode.c.h; path = SceneDelegate.h; sourceTree = "<group>"; };
		236CA2552E5C48080067335A /* SceneDelegate.m */ = {isa = PBXFileReference; lastKnownFileType = sourcecode.c.objc; path = SceneDelegate.m; sourceTree = "<group>"; };
		236CA2572E5C48080067335A /* ViewController.h */ = {isa = PBXFileReference; lastKnownFileType = sourcecode.c.h; path = ViewController.h; sourceTree = "<group>"; };
		236CA2582E5C48080067335A /* ViewController.m */ = {isa = PBXFileReference; lastKnownFileType = sourcecode.c.objc; path = ViewController.m; sourceTree = "<group>"; };
		236CA25B2E5C48080067335A /* Base */ = {isa = PBXFileReference; lastKnownFileType = file.storyboard; name = Base; path = Base.lproj/Main.storyboard; sourceTree = "<group>"; };
		236CA25D2E5C480E0067335A /* Assets.xcassets */ = {isa = PBXFileReference; lastKnownFileType = folder.assetcatalog; path = Assets.xcassets; sourceTree = "<group>"; };
		236CA2602E5C480E0067335A /* Base */ = {isa = PBXFileReference; lastKnownFileType = file.storyboard; name = Base; path = Base.lproj/LaunchScreen.storyboard; sourceTree = "<group>"; };
		236CA2622E5C480E0067335A /* Info.plist */ = {isa = PBXFileReference; lastKnownFileType = text.plist.xml; path = Info.plist; sourceTree = "<group>"; };
		236CA2632E5C480E0067335A /* main.m */ = {isa = PBXFileReference; lastKnownFileType = sourcecode.c.objc; path = main.m; sourceTree = "<group>"; };
		236CA26A2E5C48720067335A /* ToDoViewControllerTableViewController.h */ = {isa = PBXFileReference; lastKnownFileType = sourcecode.c.h; path = ToDoViewControllerTableViewController.h; sourceTree = "<group>"; };
		236CA26B2E5C48720067335A /* ToDoViewControllerTableViewController.m */ = {isa = PBXFileReference; lastKnownFileType = sourcecode.c.objc; path = ToDoViewControllerTableViewController.m; sourceTree = "<group>"; };
		236CA26D2E5C499E0067335A /* InProgressViewController.h */ = {isa = PBXFileReference; lastKnownFileType = sourcecode.c.h; path = InProgressViewController.h; sourceTree = "<group>"; };
		236CA26E2E5C499E0067335A /* InProgressViewController.m */ = {isa = PBXFileReference; lastKnownFileType = sourcecode.c.objc; path = InProgressViewController.m; sourceTree = "<group>"; };
		236CA2702E5C49C40067335A /* DoneViewController.h */ = {isa = PBXFileReference; lastKnownFileType = sourcecode.c.h; path = DoneViewController.h; sourceTree = "<group>"; };
		236CA2712E5C49C40067335A /* DoneViewController.m */ = {isa = PBXFileReference; lastKnownFileType = sourcecode.c.objc; path = DoneViewController.m; sourceTree = "<group>"; };
		236CA2732E5C53530067335A /* AddViewController.h */ = {isa = PBXFileReference; lastKnownFileType = sourcecode.c.h; path = AddViewController.h; sourceTree = "<group>"; };
		236CA2742E5C53530067335A /* AddViewController.m */ = {isa = PBXFileReference; lastKnownFileType = sourcecode.c.objc; path = AddViewController.m; sourceTree = "<group>"; };
		236CA2762E5C58EA0067335A /* Task.h */ = {isa = PBXFileReference; lastKnownFileType = sourcecode.c.h; path = Task.h; sourceTree = "<group>"; };
		236CA2772E5C58EA0067335A /* Task.m */ = {isa = PBXFileReference; lastKnownFileType = sourcecode.c.objc; path = Task.m; sourceTree = "<group>"; };
		236CA2792E5C5D900067335A /* TaskProtocol.h */ = {isa = PBXFileReference; lastKnownFileType = sourcecode.c.h; path = TaskProtocol.h; sourceTree = "<group>"; };
/* End PBXFileReference section */

/* Begin PBXFrameworksBuildPhase section */
		236CA24B2E5C48080067335A /* Frameworks */ = {
			isa = PBXFrameworksBuildPhase;
			buildActionMask = 2147483647;
			files = (
			);
			runOnlyForDeploymentPostprocessing = 0;
		};
/* End PBXFrameworksBuildPhase section */

/* Begin PBXGroup section */
		236CA2452E5C48080067335A = {
			isa = PBXGroup;
			children = (
				236CA2502E5C48080067335A /* ToDoList */,
				236CA24F2E5C48080067335A /* Products */,
			);
			sourceTree = "<group>";
		};
		236CA24F2E5C48080067335A /* Products */ = {
			isa = PBXGroup;
			children = (
				236CA24E2E5C48080067335A /* ToDoList.app */,
			);
			name = Products;
			sourceTree = "<group>";
		};
		236CA2502E5C48080067335A /* ToDoList */ = {
			isa = PBXGroup;
			children = (
				236CA2512E5C48080067335A /* AppDelegate.h */,
				236CA2522E5C48080067335A /* AppDelegate.m */,
				236CA2542E5C48080067335A /* SceneDelegate.h */,
				236CA2552E5C48080067335A /* SceneDelegate.m */,
				236CA25A2E5C48080067335A /* Main.storyboard */,
				236CA25D2E5C480E0067335A /* Assets.xcassets */,
				236CA25F2E5C480E0067335A /* LaunchScreen.storyboard */,
				236CA2622E5C480E0067335A /* Info.plist */,
				236CA2632E5C480E0067335A /* main.m */,
				236CA26A2E5C48720067335A /* ToDoViewControllerTableViewController.h */,
				236CA26B2E5C48720067335A /* ToDoViewControllerTableViewController.m */,
				236CA2572E5C48080067335A /* ViewController.h */,
				236CA2582E5C48080067335A /* ViewController.m */,
				236CA26D2E5C499E0067335A /* InProgressViewController.h */,
				236CA26E2E5C499E0067335A /* InProgressViewController.m */,
				236CA2702E5C49C40067335A /* DoneViewController.h */,
				236CA2712E5C49C40067335A /* DoneViewController.m */,
				236CA2732E5C53530067335A /* AddViewController.h */,
				236CA2742E5C53530067335A /* AddViewController.m */,
				236CA2762E5C58EA0067335A /* Task.h */,
				236CA2772E5C58EA0067335A /* Task.m */,
				236CA2792E5C5D900067335A /* TaskProtocol.h */,
			);
			path = ToDoList;
			sourceTree = "<group>";
		};
/* End PBXGroup section */

/* Begin PBXNativeTarget section */
		236CA24D2E5C48080067335A /* ToDoList */ = {
			isa = PBXNativeTarget;
			buildConfigurationList = 236CA2672E5C480E0067335A /* Build configuration list for PBXNativeTarget "ToDoList" */;
			buildPhases = (
				236CA24A2E5C48080067335A /* Sources */,
				236CA24B2E5C48080067335A /* Frameworks */,
				236CA24C2E5C48080067335A /* Resources */,
			);
			buildRules = (
			);
			dependencies = (
			);
			name = ToDoList;
			productName = ToDoList;
			productReference = 236CA24E2E5C48080067335A /* ToDoList.app */;
			productType = "com.apple.product-type.application";
		};
/* End PBXNativeTarget section */

/* Begin PBXProject section */
		236CA2462E5C48080067335A /* Project object */ = {
			isa = PBXProject;
			attributes = {
				BuildIndependentTargetsInParallel = 1;
				LastUpgradeCheck = 1520;
				TargetAttributes = {
					236CA24D2E5C48080067335A = {
						CreatedOnToolsVersion = 15.2;
					};
				};
			};
			buildConfigurationList = 236CA2492E5C48080067335A /* Build configuration list for PBXProject "ToDoList" */;
			compatibilityVersion = "Xcode 14.0";
			developmentRegion = en;
			hasScannedForEncodings = 0;
			knownRegions = (
				en,
				Base,
			);
			mainGroup = 236CA2452E5C48080067335A;
			productRefGroup = 236CA24F2E5C48080067335A /* Products */;
			projectDirPath = "";
			projectRoot = "";
			targets = (
				236CA24D2E5C48080067335A /* ToDoList */,
			);
		};
/* End PBXProject section */

/* Begin PBXResourcesBuildPhase section */
		236CA24C2E5C48080067335A /* Resources */ = {
			isa = PBXResourcesBuildPhase;
			buildActionMask = 2147483647;
			files = (
				236CA2612E5C480E0067335A /* LaunchScreen.storyboard in Resources */,
				236CA25E2E5C480E0067335A /* Assets.xcassets in Resources */,
				236CA25C2E5C48080067335A /* Main.storyboard in Resources */,
			);
			runOnlyForDeploymentPostprocessing = 0;
		};
/* End PBXResourcesBuildPhase section */

/* Begin PBXSourcesBuildPhase section */
		236CA24A2E5C48080067335A /* Sources */ = {
			isa = PBXSourcesBuildPhase;
			buildActionMask = 2147483647;
			files = (
				236CA26C2E5C48720067335A /* ToDoViewControllerTableViewController.m in Sources */,
				236CA2722E5C49C40067335A /* DoneViewController.m in Sources */,
				236CA2592E5C48080067335A /* ViewController.m in Sources */,
				236CA26F2E5C499E0067335A /* InProgressViewController.m in Sources */,
				236CA2532E5C48080067335A /* AppDelegate.m in Sources */,
				236CA2642E5C480E0067335A /* main.m in Sources */,
				236CA2752E5C53530067335A /* AddViewController.m in Sources */,
				236CA2782E5C58EA0067335A /* Task.m in Sources */,
				236CA2562E5C48080067335A /* SceneDelegate.m in Sources */,
			);
			runOnlyForDeploymentPostprocessing = 0;
		};
/* End PBXSourcesBuildPhase section */

/* Begin PBXVariantGroup section */
		236CA25A2E5C48080067335A /* Main.storyboard */ = {
			isa = PBXVariantGroup;
			children = (
				236CA25B2E5C48080067335A /* Base */,
			);
			name = Main.storyboard;
			sourceTree = "<group>";
		};
		236CA25F2E5C480E0067335A /* LaunchScreen.storyboard */ = {
			isa = PBXVariantGroup;
			children = (
				236CA2602E5C480E0067335A /* Base */,
			);
			name = LaunchScreen.storyboard;
			sourceTree = "<group>";
		};
/* End PBXVariantGroup section */

/* Begin XCBuildConfiguration section */
		236CA2652E5C480E0067335A /* Debug */ = {
			isa = XCBuildConfiguration;
			buildSettings = {
				ALWAYS_SEARCH_USER_PATHS = NO;
				ASSETCATALOG_COMPILER_GENERATE_SWIFT_ASSET_SYMBOL_EXTENSIONS = YES;
				CLANG_ANALYZER_NONNULL = YES;
				CLANG_ANALYZER_NUMBER_OBJECT_CONVERSION = YES_AGGRESSIVE;
				CLANG_CXX_LANGUAGE_STANDARD = "gnu++20";
				CLANG_ENABLE_MODULES = YES;
				CLANG_ENABLE_OBJC_ARC = YES;
				CLANG_ENABLE_OBJC_WEAK = YES;
				CLANG_WARN_BLOCK_CAPTURE_AUTORELEASING = YES;
				CLANG_WARN_BOOL_CONVERSION = YES;
				CLANG_WARN_COMMA = YES;
				CLANG_WARN_CONSTANT_CONVERSION = YES;
				CLANG_WARN_DEPRECATED_OBJC_IMPLEMENTATIONS = YES;
				CLANG_WARN_DIRECT_OBJC_ISA_USAGE = YES_ERROR;
				CLANG_WARN_DOCUMENTATION_COMMENTS = YES;
				CLANG_WARN_EMPTY_BODY = YES;
				CLANG_WARN_ENUM_CONVERSION = YES;
				CLANG_WARN_INFINITE_RECURSION = YES;
				CLANG_WARN_INT_CONVERSION = YES;
				CLANG_WARN_NON_LITERAL_NULL_CONVERSION = YES;
				CLANG_WARN_OBJC_IMPLICIT_RETAIN_SELF = YES;
				CLANG_WARN_OBJC_LITERAL_CONVERSION = YES;
				CLANG_WARN_OBJC_ROOT_CLASS = YES_ERROR;
				CLANG_WARN_QUOTED_INCLUDE_IN_FRAMEWORK_HEADER = YES;
				CLANG_WARN_RANGE_LOOP_ANALYSIS = YES;
				CLANG_WARN_STRICT_PROTOTYPES = YES;
				CLANG_WARN_SUSPICIOUS_MOVE = YES;
				CLANG_WARN_UNGUARDED_AVAILABILITY = YES_AGGRESSIVE;
				CLANG_WARN_UNREACHABLE_CODE = YES;
				CLANG_WARN__DUPLICATE_METHOD_MATCH = YES;
				COPY_PHASE_STRIP = NO;
				DEBUG_INFORMATION_FORMAT = dwarf;
				ENABLE_STRICT_OBJC_MSGSEND = YES;
				ENABLE_TESTABILITY = YES;
				ENABLE_USER_SCRIPT_SANDBOXING = YES;
				GCC_C_LANGUAGE_STANDARD = gnu17;
				GCC_DYNAMIC_NO_PIC = NO;
				GCC_NO_COMMON_BLOCKS = YES;
				GCC_OPTIMIZATION_LEVEL = 0;
				GCC_PREPROCESSOR_DEFINITIONS = (
					"DEBUG=1",
					"$(inherited)",
				);
				GCC_WARN_64_TO_32_BIT_CONVERSION = YES;
				GCC_WARN_ABOUT_RETURN_TYPE = YES_ERROR;
				GCC_WARN_UNDECLARED_SELECTOR = YES;
				GCC_WARN_UNINITIALIZED_AUTOS = YES_AGGRESSIVE;
				GCC_WARN_UNUSED_FUNCTION = YES;
				GCC_WARN_UNUSED_VARIABLE = YES;
				IPHONEOS_DEPLOYMENT_TARGET = 17.2;
				LOCALIZATION_PREFERS_STRING_CATALOGS = YES;
				MTL_ENABLE_DEBUG_INFO = INCLUDE_SOURCE;
				MTL_FAST_MATH = YES;
				ONLY_ACTIVE_ARCH = YES;
				SDKROOT = iphoneos;
			};
			name = Debug;
		};
		236CA2662E5C480E0067335A /* Release */ = {
			isa = XCBuildConfiguration;
			buildSettings = {
				ALWAYS_SEARCH_USER_PATHS = NO;
				ASSETCATALOG_COMPILER_GENERATE_SWIFT_ASSET_SYMBOL_EXTENSIONS = YES;
				CLANG_ANALYZER_NONNULL = YES;
				CLANG_ANALYZER_NUMBER_OBJECT_CONVERSION = YES_AGGRESSIVE;
				CLANG_CXX_LANGUAGE_STANDARD = "gnu++20";
				CLANG_ENABLE_MODULES = YES;
				CLANG_ENABLE_OBJC_ARC = YES;
				CLANG_ENABLE_OBJC_WEAK = YES;
				CLANG_WARN_BLOCK_CAPTURE_AUTORELEASING = YES;
				CLANG_WARN_BOOL_CONVERSION = YES;
				CLANG_WARN_COMMA = YES;
				CLANG_WARN_CONSTANT_CONVERSION = YES;
				CLANG_WARN_DEPRECATED_OBJC_IMPLEMENTATIONS = YES;
				CLANG_WARN_DIRECT_OBJC_ISA_USAGE = YES_ERROR;
				CLANG_WARN_DOCUMENTATION_COMMENTS = YES;
				CLANG_WARN_EMPTY_BODY = YES;
				CLANG_WARN_ENUM_CONVERSION = YES;
				CLANG_WARN_INFINITE_RECURSION = YES;
				CLANG_WARN_INT_CONVERSION = YES;
				CLANG_WARN_NON_LITERAL_NULL_CONVERSION = YES;
				CLANG_WARN_OBJC_IMPLICIT_RETAIN_SELF = YES;
				CLANG_WARN_OBJC_LITERAL_CONVERSION = YES;
				CLANG_WARN_OBJC_ROOT_CLASS = YES_ERROR;
				CLANG_WARN_QUOTED_INCLUDE_IN_FRAMEWORK_HEADER = YES;
				CLANG_WARN_RANGE_LOOP_ANALYSIS = YES;
				CLANG_WARN_STRICT_PROTOTYPES = YES;
				CLANG_WARN_SUSPICIOUS_MOVE = YES;
				CLANG_WARN_UNGUARDED_AVAILABILITY = YES_AGGRESSIVE;
				CLANG_WARN_UNREACHABLE_CODE = YES;
				CLANG_WARN__DUPLICATE_METHOD_MATCH = YES;
				COPY_PHASE_STRIP = NO;
				DEBUG_INFORMATION_FORMAT = "dwarf-with-dsym";
				ENABLE_NS_ASSERTIONS = NO;
				ENABLE_STRICT_OBJC_MSGSEND = YES;
				ENABLE_USER_SCRIPT_SANDBOXING = YES;
				GCC_C_LANGUAGE_STANDARD = gnu17;
				GCC_NO_COMMON_BLOCKS = YES;
				GCC_WARN_64_TO_32_BIT_CONVERSION = YES;
				GCC_WARN_ABOUT_RETURN_TYPE = YES_ERROR;
				GCC_WARN_UNDECLARED_SELECTOR = YES;
				GCC_WARN_UNINITIALIZED_AUTOS = YES_AGGRESSIVE;
				GCC_WARN_UNUSED_FUNCTION = YES;
				GCC_WARN_UNUSED_VARIABLE = YES;
				IPHONEOS_DEPLOYMENT_TARGET = 17.2;
				LOCALIZATION_PREFERS_STRING_CATALOGS = YES;
				MTL_ENABLE_DEBUG_INFO = NO;
				MTL_FAST_MATH = YES;
				SDKROOT = iphoneos;
				VALIDATE_PRODUCT = YES;
			};
			name = Release;
		};
		236CA2682E5C480E0067335A /* Debug */ = {
			isa = XCBuildConfiguration;
			buildSettings = {
				ASSETCATALOG_COMPILER_APPICON_NAME = AppIcon;
				ASSETCATALOG_COMPILER_GLOBAL_ACCENT_COLOR_NAME = AccentColor;
				CODE_SIGN_STYLE = Automatic;
				CURRENT_PROJECT_VERSION = 1;
				DEVELOPMENT_TEAM = XVLPQWJFN2;
				GENERATE_INFOPLIST_FILE = YES;
				INFOPLIST_FILE = ToDoList/Info.plist;
				INFOPLIST_KEY_UIApplicationSupportsIndirectInputEvents = YES;
				INFOPLIST_KEY_UILaunchStoryboardName = LaunchScreen;
				INFOPLIST_KEY_UIMainStoryboardFile = Main;
				INFOPLIST_KEY_UISupportedInterfaceOrientations_iPad = "UIInterfaceOrientationPortrait UIInterfaceOrientationPortraitUpsideDown UIInterfaceOrientationLandscapeLeft UIInterfaceOrientationLandscapeRight";
				INFOPLIST_KEY_UISupportedInterfaceOrientations_iPhone = "UIInterfaceOrientationPortrait UIInterfaceOrientationLandscapeLeft UIInterfaceOrientationLandscapeRight";
				LD_RUNPATH_SEARCH_PATHS = (
					"$(inherited)",
					"@executable_path/Frameworks",
				);
				MARKETING_VERSION = 1.0;
				PRODUCT_BUNDLE_IDENTIFIER = iTi.ToDoList;
				PRODUCT_NAME = "$(TARGET_NAME)";
				SWIFT_EMIT_LOC_STRINGS = YES;
				TARGETED_DEVICE_FAMILY = "1,2";
			};
			name = Debug;
		};
		236CA2692E5C480E0067335A /* Release */ = {
			isa = XCBuildConfiguration;
			buildSettings = {
				ASSETCATALOG_COMPILER_APPICON_NAME = AppIcon;
				ASSETCATALOG_COMPILER_GLOBAL_ACCENT_COLOR_NAME = AccentColor;
				CODE_SIGN_STYLE = Automatic;
				CURRENT_PROJECT_VERSION = 1;
				DEVELOPMENT_TEAM = XVLPQWJFN2;
				GENERATE_INFOPLIST_FILE = YES;
				INFOPLIST_FILE = ToDoList/Info.plist;
				INFOPLIST_KEY_UIApplicationSupportsIndirectInputEvents = YES;
				INFOPLIST_KEY_UILaunchStoryboardName = LaunchScreen;
				INFOPLIST_KEY_UIMainStoryboardFile = Main;
				INFOPLIST_KEY_UISupportedInterfaceOrientations_iPad = "UIInterfaceOrientationPortrait UIInterfaceOrientationPortraitUpsideDown UIInterfaceOrientationLandscapeLeft UIInterfaceOrientationLandscapeRight";
				INFOPLIST_KEY_UISupportedInterfaceOrientations_iPhone = "UIInterfaceOrientationPortrait UIInterfaceOrientationLandscapeLeft UIInterfaceOrientationLandscapeRight";
				LD_RUNPATH_SEARCH_PATHS = (
					"$(inherited)",
					"@executable_path/Frameworks",
				);
				MARKETING_VERSION = 1.0;
				PRODUCT_BUNDLE_IDENTIFIER = iTi.ToDoList;
				PRODUCT_NAME = "$(TARGET_NAME)";
				SWIFT_EMIT_LOC_STRINGS = YES;
				TARGETED_DEVICE_FAMILY = "1,2";
			};
			name = Release;
		};
/* End XCBuildConfiguration section */

/* Begin XCConfigurationList section */
		236CA2492E5C48080067335A /* Build configuration list for PBXProject "ToDoList" */ = {
			isa = XCConfigurationList;
			buildConfigurations = (
				236CA2652E5C480E0067335A /* Debug */,
				236CA2662E5C480E0067335A /* Release */,
			);
			defaultConfigurationIsVisible = 0;
			defaultConfigurationName = Release;
		};
		236CA2672E5C480E0067335A /* Build configuration list for PBXNativeTarget "ToDoList" */ = {
			isa = XCConfigurationList;
			buildConfigurations = (
				236CA2682E5C480E0067335A /* Debug */,
				236CA2692E5C480E0067335A /* Release */,
			);
			defaultConfigurationIsVisible = 0;
			defaultConfigurationName = Release;
		};
/* End XCConfigurationList section */
	};
	rootObject = 236CA2462E5C48080067335A /* Project object */;
}
